
Microsoft Visual Studio Solution File, Format Version 12.00
# Visual Studio Version 16
VisualStudioVersion = 16.0.29728.190
MinimumVisualStudioVersion = 10.0.40219.1
Project("{FAE04EC0-301F-11D3-BF4B-00C04F79EFBC}") = "GithubWeb3", "GithubWeb3\GithubWeb3.csproj", "{D56DDC75-FC11-4395-A5B7-37C68AC8A55B}"
EndProject
Global
	GlobalSection(SolutionConfigurationPlatforms) = preSolution
		Debug|Any CPU = Debug|Any CPU
		Release|Any CPU = Release|Any CPU
	EndGlobalSection
	GlobalSection(ProjectConfigurationPlatforms) = postSolution
		{D56DDC75-FC11-4395-A5B7-37C68AC8A55B}.Debug|Any CPU.ActiveCfg = Debug|Any CPU
		{D56DDC75-FC11-4395-A5B7-37C68AC8A55B}.Debug|Any CPU.Build.0 = Debug|Any CPU
		{D56DDC75-FC11-4395-A5B7-37C68AC8A55B}.Release|Any CPU.ActiveCfg = Release|Any CPU
		{D56DDC75-FC11-4395-A5B7-37C68AC8A55B}.Release|Any CPU.Build.0 = Release|Any CPU
	EndGlobalSection
	GlobalSection(SolutionProperties) = preSolution
		HideSolutionNode = FALSE
	EndGlobalSection
	GlobalSection(ExtensibilityGlobals) = postSolution
		SolutionGuid = {B1282ECA-BCFB-49AC-8C55-D49565939D5F}
	EndGlobalSection
EndGlobal
